
Microsoft Visual Studio Solution File, Format Version 12.00
# Visual Studio Version 17
VisualStudioVersion = 17.13.35825.156
MinimumVisualStudioVersion = 10.0.40219.1
Project("{FAE04EC0-301F-11D3-BF4B-00C04F79EFBC}") = "ProcessWatchdogTest", "ProcessWatchdogTest\ProcessWatchdogTest.csproj", "{4E225C6F-04FA-4422-BA0E-4992F58A3709}"
EndProject
Project("{FAE04EC0-301F-11D3-BF4B-00C04F79EFBC}") = "ProcessWatchdog", "ProcessWatchdog\ProcessWatchdog.csproj", "{3E5607CD-6E02-E8DE-DBFF-597AFD526692}"
EndProject
Global
	GlobalSection(SolutionConfigurationPlatforms) = preSolution
		Debug|Any CPU = Debug|Any CPU
		Release|Any CPU = Release|Any CPU
	EndGlobalSection
	GlobalSection(ProjectConfigurationPlatforms) = postSolution
		{4E225C6F-04FA-4422-BA0E-4992F58A3709}.Debug|Any CPU.ActiveCfg = Debug|Any CPU
		{4E225C6F-04FA-4422-BA0E-4992F58A3709}.Debug|Any CPU.Build.0 = Debug|Any CPU
		{4E225C6F-04FA-4422-BA0E-4992F58A3709}.Release|Any CPU.ActiveCfg = Release|Any CPU
		{4E225C6F-04FA-4422-BA0E-4992F58A3709}.Release|Any CPU.Build.0 = Release|Any CPU
		{3E5607CD-6E02-E8DE-DBFF-597AFD526692}.Debug|Any CPU.ActiveCfg = Debug|Any CPU
		{3E5607CD-6E02-E8DE-DBFF-597AFD526692}.Debug|Any CPU.Build.0 = Debug|Any CPU
		{3E5607CD-6E02-E8DE-DBFF-597AFD526692}.Release|Any CPU.ActiveCfg = Release|Any CPU
		{3E5607CD-6E02-E8DE-DBFF-597AFD526692}.Release|Any CPU.Build.0 = Release|Any CPU
	EndGlobalSection
	GlobalSection(SolutionProperties) = preSolution
		HideSolutionNode = FALSE
	EndGlobalSection
	GlobalSection(ExtensibilityGlobals) = postSolution
		SolutionGuid = {FEACB393-E0E7-483F-935C-9C7B944A1C70}
	EndGlobalSection
EndGlobal
